
Microsoft Visual Studio Solution File, Format Version 12.00
# Visual Studio Version 16
VisualStudioVersion = 16.0.30503.244
MinimumVisualStudioVersion = 10.0.40219.1
Project("{FAE04EC0-301F-11D3-BF4B-00C04F79EFBC}") = "WindowsFormsApp1", "WindowsFormsApp1.csproj", "{F341330D-76A3-4FD7-9008-BB21BDEC3611}"
EndProject
Global
	GlobalSection(SolutionConfigurationPlatforms) = preSolution
		Debug|Any CPU = Debug|Any CPU
		Release|Any CPU = Release|Any CPU
	EndGlobalSection
	GlobalSection(ProjectConfigurationPlatforms) = postSolution
		{F341330D-76A3-4FD7-9008-BB21BDEC3611}.Debug|Any CPU.ActiveCfg = Debug|Any CPU
		{F341330D-76A3-4FD7-9008-BB21BDEC3611}.Debug|Any CPU.Build.0 = Debug|Any CPU
		{F341330D-76A3-4FD7-9008-BB21BDEC3611}.Release|Any CPU.ActiveCfg = Release|Any CPU
		{F341330D-76A3-4FD7-9008-BB21BDEC3611}.Release|Any CPU.Build.0 = Release|Any CPU
	EndGlobalSection
	GlobalSection(SolutionProperties) = preSolution
		HideSolutionNode = FALSE
	EndGlobalSection
	GlobalSection(ExtensibilityGlobals) = postSolution
		SolutionGuid = {27527097-8B28-4762-9067-47BEDBCBCF92}
	EndGlobalSection
EndGlobal
